github.com/okiprasetyo69/golang-module v1.0.0 h1:CLltJkjO6mAO5hEglkpKkKNpWPopf0Erncatz0tU0Wo=
github.com/okiprasetyo69/golang-module v1.0.0/go.mod h1:9xiN4wZDOCk46Vzz3ySVlWqLIlX4nvzjQryyFmeMkq8=
github.com/okiprasetyo69/golang-module v1.0.1 h1:uB2El1qmEqm1nsJju1b//bzReX39+SuV3c69oKrMlBc=
github.com/okiprasetyo69/golang-module v1.0.1/go.mod h1:9xiN4wZDOCk46Vzz3ySVlWqLIlX4nvzjQryyFmeMkq8=
github.com/okiprasetyo69/golang-module/v2 v2.0.0 h1:TeGvvkqDg2j+YJEmlRkPCbiTDkQz7E2I4hK4oiuy+BY=
github.com/okiprasetyo69/golang-module/v2 v2.0.0/go.mod h1:JWyc3O6M3jCGlJ0e9rq8A39yvc+2l+AIxswkmHiU0Zo=
